{
  "nodes": {
    "flakeNimbleLib": {
      "inputs": {
        "nixpkgs": [
          "nixpkgs"
        ]
      },
      "locked": {
        "lastModified": 1662018438,
        "narHash": "sha256-QtNtU6+LX3Wokxf0zlFwKTFOcn6TeDjKQZ+DA9OYtvM=",
        "owner": "riinr",
        "repo": "nim-flakes-lib",
        "rev": "b1fe8340736e3a85d25c709ac3dfd82a55c03cbf",
        "type": "github"
      },
      "original": {
        "owner": "riinr",
        "ref": "master",
        "repo": "nim-flakes-lib",
        "type": "github"
      }
    },
    "nixpkgs": {
      "locked": {
        "lastModified": 1667110639,
        "narHash": "sha256-4FbPESZ5LbqQxkJJJBAfk/zKgF9h/4kyUwjjpJwYlbc=",
        "owner": "NixOS",
        "repo": "nixpkgs",
        "rev": "f38a1f04d1bec1feb61fd101a0539ae2002a7087",
        "type": "github"
      },
      "original": {
        "id": "nixpkgs",
        "type": "indirect"
      }
    },
    "root": {
      "inputs": {
        "flakeNimbleLib": "flakeNimbleLib",
        "nixpkgs": "nixpkgs",
        "sharedmempool-master": "sharedmempool-master"
      }
    },
    "sharedmempool-master": {
      "inputs": {
        "flakeNimbleLib": [
          "flakeNimbleLib"
        ],
        "nixpkgs": [
          "nixpkgs"
        ],
        "src-sharedmempool-master": "src-sharedmempool-master"
      },
      "locked": {
        "dir": "master",
        "lastModified": 1662254812,
        "narHash": "sha256-G4za7rT6AnGh2oMQ4PbIGk+RCSsSFpAwMkPsNa+NCpU=",
        "owner": "nim-nix-pkgs",
        "repo": "sharedmempool",
        "rev": "1d1766b351ee916de97d1bba934d2569be8fc506",
        "type": "github"
      },
      "original": {
        "dir": "master",
        "owner": "nim-nix-pkgs",
        "ref": "master",
        "repo": "sharedmempool",
        "type": "github"
      }
    },
    "src-sharedmempool-master": {
      "flake": false,
      "locked": {
        "lastModified": 1560074114,
        "narHash": "sha256-ZaukT9BW+kUbzUApoeyhQbwD7Jg4ZqR51OxL9uyn0wU=",
        "owner": "mikra01",
        "repo": "sharedmempool",
        "rev": "3529122d5b4787c00bde37e93031284ba93845d2",
        "type": "github"
      },
      "original": {
        "owner": "mikra01",
        "ref": "refs/heads/master",
        "repo": "sharedmempool",
        "type": "github"
      }
    }
  },
  "root": "root",
  "version": 7
}
